
Microsoft Visual Studio Solution File, Format Version 12.00
# Visual Studio Version 17
VisualStudioVersion = 17.5.33502.453
MinimumVisualStudioVersion = 10.0.40219.1
Project("{8BC9CEB8-8B4A-11D0-8D11-00A0C91BC942}") = "Chp04", "Chp04\Chp04.vcxproj", "{F51AEB3E-A31E-4372-B87A-ED79948EE767}"
EndProject
Global
	GlobalSection(SolutionConfigurationPlatforms) = preSolution
		Debug|x64 = Debug|x64
		Debug|x86 = Debug|x86
		Release|x64 = Release|x64
		Release|x86 = Release|x86
	EndGlobalSection
	GlobalSection(ProjectConfigurationPlatforms) = postSolution
		{F51AEB3E-A31E-4372-B87A-ED79948EE767}.Debug|x64.ActiveCfg = Debug|x64
		{F51AEB3E-A31E-4372-B87A-ED79948EE767}.Debug|x64.Build.0 = Debug|x64
		{F51AEB3E-A31E-4372-B87A-ED79948EE767}.Debug|x86.ActiveCfg = Debug|Win32
		{F51AEB3E-A31E-4372-B87A-ED79948EE767}.Debug|x86.Build.0 = Debug|Win32
		{F51AEB3E-A31E-4372-B87A-ED79948EE767}.Release|x64.ActiveCfg = Release|x64
		{F51AEB3E-A31E-4372-B87A-ED79948EE767}.Release|x64.Build.0 = Release|x64
		{F51AEB3E-A31E-4372-B87A-ED79948EE767}.Release|x86.ActiveCfg = Release|Win32
		{F51AEB3E-A31E-4372-B87A-ED79948EE767}.Release|x86.Build.0 = Release|Win32
	EndGlobalSection
	GlobalSection(SolutionProperties) = preSolution
		HideSolutionNode = FALSE
	EndGlobalSection
	GlobalSection(ExtensibilityGlobals) = postSolution
		SolutionGuid = {1B6C4F45-7612-4F1E-9B60-FA0A60EA6894}
	EndGlobalSection
EndGlobal
